
Microsoft Visual Studio Solution File, Format Version 12.00
Project("{FAE04EC0-301F-11D3-BF4B-00C04F79EFBC}") = "Comdirect.NET", "Comdirect.NET\Comdirect.NET.csproj", "{0182C98F-C237-494D-BDE2-8B6591E0C78E}"
EndProject
Project("{FAE04EC0-301F-11D3-BF4B-00C04F79EFBC}") = "Demo", "Demo\Demo.csproj", "{A1A023C4-4121-4427-8DB1-54AEEFE5D83C}"
EndProject
Project("{FAE04EC0-301F-11D3-BF4B-00C04F79EFBC}") = "Comdirect.NET.Tests", "Comdirect.NET.Tests\Comdirect.NET.Tests.csproj", "{9F56C90B-617F-474B-9D6A-E752399225DF}"
EndProject
Global
	GlobalSection(SolutionConfigurationPlatforms) = preSolution
		Debug|Any CPU = Debug|Any CPU
		Release|Any CPU = Release|Any CPU
	EndGlobalSection
	GlobalSection(ProjectConfigurationPlatforms) = postSolution
		{0182C98F-C237-494D-BDE2-8B6591E0C78E}.Debug|Any CPU.ActiveCfg = Debug|Any CPU
		{0182C98F-C237-494D-BDE2-8B6591E0C78E}.Debug|Any CPU.Build.0 = Debug|Any CPU
		{0182C98F-C237-494D-BDE2-8B6591E0C78E}.Release|Any CPU.ActiveCfg = Release|Any CPU
		{0182C98F-C237-494D-BDE2-8B6591E0C78E}.Release|Any CPU.Build.0 = Release|Any CPU
		{A1A023C4-4121-4427-8DB1-54AEEFE5D83C}.Debug|Any CPU.ActiveCfg = Debug|Any CPU
		{A1A023C4-4121-4427-8DB1-54AEEFE5D83C}.Debug|Any CPU.Build.0 = Debug|Any CPU
		{A1A023C4-4121-4427-8DB1-54AEEFE5D83C}.Release|Any CPU.ActiveCfg = Release|Any CPU
		{A1A023C4-4121-4427-8DB1-54AEEFE5D83C}.Release|Any CPU.Build.0 = Release|Any CPU
		{9F56C90B-617F-474B-9D6A-E752399225DF}.Debug|Any CPU.ActiveCfg = Debug|Any CPU
		{9F56C90B-617F-474B-9D6A-E752399225DF}.Debug|Any CPU.Build.0 = Debug|Any CPU
		{9F56C90B-617F-474B-9D6A-E752399225DF}.Release|Any CPU.ActiveCfg = Release|Any CPU
		{9F56C90B-617F-474B-9D6A-E752399225DF}.Release|Any CPU.Build.0 = Release|Any CPU
	EndGlobalSection
EndGlobal
